<?xml version="1.0" encoding="utf-8"?>
<Project ToolsVersion="4.0" xmlns="http://schemas.microsoft.com/developer/msbuild/2003">
  <ItemGroup>
    <Filter Include="Source Files">
      <UniqueIdentifier>{4FC737F1-C7A5-4376-A066-2A32D752A2FF}</UniqueIdentifier>
      <Extensions>cpp;c;cc;cxx;def;odl;idl;hpj;bat;asm;asmx</Extensions>
    </Filter>
    <Filter Include="Header Files">
      <UniqueIdentifier>{93995380-89BD-4b04-88EB-625FBE52EBFB}</UniqueIdentifier>
      <Extensions>h;hpp;hxx;hm;inl;inc;xsd</Extensions>
    </Filter>
    <Filter Include="Resource Files">
      <UniqueIdentifier>{67DA6AB6-F800-4c08-8B7A-83BB121AAD01}</UniqueIdentifier>
      <Extensions>rc;ico;cur;bmp;dlg;rc2;rct;bin;rgs;gif;jpg;jpeg;jpe;resx;tiff;tif;png;wav;mfcribbon-ms</Extensions>
    </Filter>
    <Filter Include="Fixture Definition Files">
      <UniqueIdentifier>{a9be0f70-59e9-4ed0-bd59-9fd30994783a}</UniqueIdentifier>
    </Filter>
  </ItemGroup>
  <ItemGroup>
    <ClCompile Include="AbstractDMXDriver.cpp">
      <Filter>Source Files</Filter>
    </ClCompile>
    <ClCompile Include="AnimationTask.cpp">
      <Filter>Source Files</Filter>
    </ClCompile>
    <ClCompile Include="Channel.cpp">
      <Filter>Source Files</Filter>
    </ClCompile>
    <ClCompile Include="Chase.cpp">
      <Filter>Source Files</Filter>
    </ClCompile>
    <ClCompile Include="ChaseStep.cpp">
      <Filter>Source Files</Filter>
    </ClCompile>
    <ClCompile Include="ChaseTask.cpp">
      <Filter>Source Files</Filter>
    </ClCompile>
    <ClCompile Include="DMXTextUI.cpp">
      <Filter>Source Files</Filter>
    </ClCompile>
    <ClCompile Include="FixtureGroup.cpp">
      <Filter>Source Files</Filter>
    </ClCompile>
    <ClCompile Include="OpenDMXDriver.cpp">
      <Filter>Source Files</Filter>
    </ClCompile>
    <ClCompile Include="Scene.cpp">
      <Filter>Source Files</Filter>
    </ClCompile>
    <ClCompile Include="SceneActor.cpp">
      <Filter>Source Files</Filter>
    </ClCompile>
    <ClCompile Include="stdafx.cpp">
      <Filter>Source Files</Filter>
    </ClCompile>
    <ClCompile Include="Threadable.cpp">
      <Filter>Source Files</Filter>
    </ClCompile>
    <ClCompile Include="tinystr.cpp">
      <Filter>Source Files</Filter>
    </ClCompile>
    <ClCompile Include="tinyxml.cpp">
      <Filter>Source Files</Filter>
    </ClCompile>
    <ClCompile Include="tinyxmlerror.cpp">
      <Filter>Source Files</Filter>
    </ClCompile>
    <ClCompile Include="tinyxmlparser.cpp">
      <Filter>Source Files</Filter>
    </ClCompile>
    <ClCompile Include="Venue.cpp">
      <Filter>Source Files</Filter>
    </ClCompile>
    <ClCompile Include="DMXStudio.cpp">
      <Filter>Source Files</Filter>
    </ClCompile>
    <ClCompile Include="SoundSampler.cpp">
      <Filter>Source Files</Filter>
    </ClCompile>
    <ClCompile Include="BeatDetector.cpp">
      <Filter>Source Files</Filter>
    </ClCompile>
    <ClCompile Include="SoundDetector.cpp">
      <Filter>Source Files</Filter>
    </ClCompile>
    <ClCompile Include="SceneSequence.cpp">
      <Filter>Source Files</Filter>
    </ClCompile>
    <ClCompile Include="AbstractAnimation.cpp">
      <Filter>Source Files</Filter>
    </ClCompile>
    <ClCompile Include="SceneSoundLevel.cpp">
      <Filter>Source Files</Filter>
    </ClCompile>
    <ClCompile Include="ChannelValueRange.cpp">
      <Filter>Source Files</Filter>
    </ClCompile>
    <ClCompile Include="SceneChannelAnimator.cpp">
      <Filter>Source Files</Filter>
    </ClCompile>
    <ClCompile Include="FixtureDefinition.cpp">
      <Filter>Source Files</Filter>
    </ClCompile>
    <ClCompile Include="ScenePatternDimmer.cpp">
      <Filter>Source Files</Filter>
    </ClCompile>
    <ClCompile Include="AnimationSignal.cpp">
      <Filter>Source Files</Filter>
    </ClCompile>
    <ClCompile Include="SceneColorSwitcher.cpp">
      <Filter>Source Files</Filter>
    </ClCompile>
    <ClCompile Include="ChannelAngle.cpp">
      <Filter>Source Files</Filter>
    </ClCompile>
    <ClCompile Include="Fixture.cpp">
      <Filter>Source Files</Filter>
    </ClCompile>
    <ClCompile Include="Form.cpp">
      <Filter>Source Files</Filter>
    </ClCompile>
    <ClCompile Include="DMXTextForms.cpp">
      <Filter>Source Files</Filter>
    </ClCompile>
    <ClCompile Include="DMXTextAnim.cpp">
      <Filter>Source Files</Filter>
    </ClCompile>
    <ClCompile Include="SceneMovementAnimator.cpp">
      <Filter>Source Files</Filter>
    </ClCompile>
    <ClCompile Include="TextIO.cpp">
      <Filter>Source Files</Filter>
    </ClCompile>
    <ClCompile Include="DMXHttpServer.cpp">
      <Filter>Source Files</Filter>
    </ClCompile>
    <ClCompile Include="SceneStrobeAnimator.cpp">
      <Filter>Source Files</Filter>
    </ClCompile>
    <ClCompile Include="VenueReader.cpp">
      <Filter>Source Files</Filter>
    </ClCompile>
    <ClCompile Include="VenueWriter.cpp">
      <Filter>Source Files</Filter>
    </ClCompile>
    <ClCompile Include="IniFile.cpp">
      <Filter>Source Files</Filter>
    </ClCompile>
    <ClCompile Include="DefinitionWriter.cpp">
      <Filter>Source Files</Filter>
    </ClCompile>
    <ClCompile Include="DefinitionReader.cpp">
      <Filter>Source Files</Filter>
    </ClCompile>
    <ClCompile Include="MovementAnimation.cpp">
      <Filter>Source Files</Filter>
    </ClCompile>
    <ClCompile Include="AudioVolumeController.cpp">
      <Filter>Source Files</Filter>
    </ClCompile>
    <ClCompile Include="MusicPlayer.cpp">
      <Filter>Source Files</Filter>
    </ClCompile>
    <ClCompile Include="AudioInputStream.cpp">
      <Filter>Source Files</Filter>
    </ClCompile>
    <ClCompile Include="DMXTextMusic.cpp">
      <Filter>Source Files</Filter>
    </ClCompile>
    <ClCompile Include="MusicWatcher.cpp">
      <Filter>Source Files</Filter>
    </ClCompile>
    <ClCompile Include="DMXHttpRedirector.cpp">
      <Filter>Source Files</Filter>
    </ClCompile>
    <ClCompile Include="SimpleJsonParser.cpp">
      <Filter>Source Files</Filter>
    </ClCompile>
    <ClCompile Include="HttpMobile.cpp">
      <Filter>Source Files</Filter>
    </ClCompile>
    <ClCompile Include="HttpRestBeats.cpp">
      <Filter>Source Files</Filter>
    </ClCompile>
    <ClCompile Include="HttpRestVenue.cpp">
      <Filter>Source Files</Filter>
    </ClCompile>
    <ClCompile Include="HttpRestFixture.cpp">
      <Filter>Source Files</Filter>
    </ClCompile>
    <ClCompile Include="HttpRestChase.cpp">
      <Filter>Source Files</Filter>
    </ClCompile>
    <ClCompile Include="HttpRestScene.cpp">
      <Filter>Source Files</Filter>
    </ClCompile>
    <ClCompile Include="HttpRestServices.cpp">
      <Filter>Source Files</Filter>
    </ClCompile>
    <ClCompile Include="HttpFull.cpp">
      <Filter>Source Files</Filter>
    </ClCompile>
  </ItemGroup>
  <ItemGroup>
    <ClInclude Include="AbstractDMXDriver.h">
      <Filter>Header Files</Filter>
    </ClInclude>
    <ClInclude Include="AnimationTask.h">
      <Filter>Header Files</Filter>
    </ClInclude>
    <ClInclude Include="Channel.h">
      <Filter>Header Files</Filter>
    </ClInclude>
    <ClInclude Include="Chase.h">
      <Filter>Header Files</Filter>
    </ClInclude>
    <ClInclude Include="ChaseStep.h">
      <Filter>Header Files</Filter>
    </ClInclude>
    <ClInclude Include="ChaseTask.h">
      <Filter>Header Files</Filter>
    </ClInclude>
    <ClInclude Include="DMXTextUI.h">
      <Filter>Header Files</Filter>
    </ClInclude>
    <ClInclude Include="FixtureGroup.h">
      <Filter>Header Files</Filter>
    </ClInclude>
    <ClInclude Include="ftd2xx.h">
      <Filter>Header Files</Filter>
    </ClInclude>
    <ClInclude Include="ISerializable.h">
      <Filter>Header Files</Filter>
    </ClInclude>
    <ClInclude Include="OpenDMXDriver.h">
      <Filter>Header Files</Filter>
    </ClInclude>
    <ClInclude Include="Scene.h">
      <Filter>Header Files</Filter>
    </ClInclude>
    <ClInclude Include="SceneActor.h">
      <Filter>Header Files</Filter>
    </ClInclude>
    <ClInclude Include="stdafx.h">
      <Filter>Header Files</Filter>
    </ClInclude>
    <ClInclude Include="targetver.h">
      <Filter>Header Files</Filter>
    </ClInclude>
    <ClInclude Include="Threadable.h">
      <Filter>Header Files</Filter>
    </ClInclude>
    <ClInclude Include="tinystr.h">
      <Filter>Header Files</Filter>
    </ClInclude>
    <ClInclude Include="tinyxml.h">
      <Filter>Header Files</Filter>
    </ClInclude>
    <ClInclude Include="Venue.h">
      <Filter>Header Files</Filter>
    </ClInclude>
    <ClInclude Include="ffft\Array.hpp">
      <Filter>Header Files</Filter>
    </ClInclude>
    <ClInclude Include="ffft\DynArray.hpp">
      <Filter>Header Files</Filter>
    </ClInclude>
    <ClInclude Include="ffft\FFTReal.hpp">
      <Filter>Header Files</Filter>
    </ClInclude>
    <ClInclude Include="ffft\OscSinCos.hpp">
      <Filter>Header Files</Filter>
    </ClInclude>
    <ClInclude Include="ffft\Array.h">
      <Filter>Header Files</Filter>
    </ClInclude>
    <ClInclude Include="ffft\def.h">
      <Filter>Header Files</Filter>
    </ClInclude>
    <ClInclude Include="ffft\DynArray.h">
      <Filter>Header Files</Filter>
    </ClInclude>
    <ClInclude Include="ffft\FFTReal.h">
      <Filter>Header Files</Filter>
    </ClInclude>
    <ClInclude Include="ffft\OscSinCos.h">
      <Filter>Header Files</Filter>
    </ClInclude>
    <ClInclude Include="SoundSampler.h">
      <Filter>Header Files</Filter>
    </ClInclude>
    <ClInclude Include="BeatDetector.h">
      <Filter>Header Files</Filter>
    </ClInclude>
    <ClInclude Include="FreqBin.h">
      <Filter>Header Files</Filter>
    </ClInclude>
    <ClInclude Include="StudioException.h">
      <Filter>Header Files</Filter>
    </ClInclude>
    <ClInclude Include="DObject.h">
      <Filter>Header Files</Filter>
    </ClInclude>
    <ClInclude Include="SoundDetector.h">
      <Filter>Header Files</Filter>
    </ClInclude>
    <ClInclude Include="DMXStudio.h">
      <Filter>Header Files</Filter>
    </ClInclude>
    <ClInclude Include="DMXFixtureIDs.h">
      <Filter>Header Files</Filter>
    </ClInclude>
    <ClInclude Include="SceneSequence.h">
      <Filter>Header Files</Filter>
    </ClInclude>
    <ClInclude Include="AbstractAnimation.h">
      <Filter>Header Files</Filter>
    </ClInclude>
    <ClInclude Include="SceneSoundLevel.h">
      <Filter>Header Files</Filter>
    </ClInclude>
    <ClInclude Include="ChannelValueRange.h">
      <Filter>Header Files</Filter>
    </ClInclude>
    <ClInclude Include="SceneChannelAnimator.h">
      <Filter>Header Files</Filter>
    </ClInclude>
    <ClInclude Include="FixtureDefinition.h">
      <Filter>Header Files</Filter>
    </ClInclude>
    <ClInclude Include="ScenePatternDimmer.h">
      <Filter>Header Files</Filter>
    </ClInclude>
    <ClInclude Include="AnimationSignal.h">
      <Filter>Header Files</Filter>
    </ClInclude>
    <ClInclude Include="SceneColorSwitcher.h">
      <Filter>Header Files</Filter>
    </ClInclude>
    <ClInclude Include="ColorFader.h">
      <Filter>Header Files</Filter>
    </ClInclude>
    <ClInclude Include="ColorStrobe.h">
      <Filter>Header Files</Filter>
    </ClInclude>
    <ClInclude Include="ChannelAngle.h">
      <Filter>Header Files</Filter>
    </ClInclude>
    <ClInclude Include="Fixture.h">
      <Filter>Header Files</Filter>
    </ClInclude>
    <ClInclude Include="Form.h">
      <Filter>Header Files</Filter>
    </ClInclude>
    <ClInclude Include="SceneMovementAnimator.h">
      <Filter>Header Files</Filter>
    </ClInclude>
    <ClInclude Include="TextIO.h">
      <Filter>Header Files</Filter>
    </ClInclude>
    <ClInclude Include="DMXHttpServer.h">
      <Filter>Header Files</Filter>
    </ClInclude>
    <ClInclude Include="SceneStrobeAnimator.h">
      <Filter>Header Files</Filter>
    </ClInclude>
    <ClInclude Include="resource.h">
      <Filter>Header Files</Filter>
    </ClInclude>
    <ClInclude Include="IVisitor.h">
      <Filter>Header Files</Filter>
    </ClInclude>
    <ClInclude Include="VenueReader.h">
      <Filter>Header Files</Filter>
    </ClInclude>
    <ClInclude Include="VenueWriter.h">
      <Filter>Header Files</Filter>
    </ClInclude>
    <ClInclude Include="IniFile.h">
      <Filter>Header Files</Filter>
    </ClInclude>
    <ClInclude Include="IDefinitionVisitor.h">
      <Filter>Header Files</Filter>
    </ClInclude>
    <ClInclude Include="DefinitionWriter.h">
      <Filter>Header Files</Filter>
    </ClInclude>
    <ClInclude Include="DefinitionReader.h">
      <Filter>Header Files</Filter>
    </ClInclude>
    <ClInclude Include="MovementAnimation.h">
      <Filter>Header Files</Filter>
    </ClInclude>
    <ClInclude Include="AudioVolumeController.h">
      <Filter>Header Files</Filter>
    </ClInclude>
    <ClInclude Include="MusicPlayer.h">
      <Filter>Header Files</Filter>
    </ClInclude>
    <ClInclude Include="AudioInputStream.h">
      <Filter>Header Files</Filter>
    </ClInclude>
    <ClInclude Include="MusicWatcher.h">
      <Filter>Header Files</Filter>
    </ClInclude>
    <ClInclude Include="DMXHttpRedirector.h">
      <Filter>Header Files</Filter>
    </ClInclude>
    <ClInclude Include="SimpleJsonParser.h">
      <Filter>Header Files</Filter>
    </ClInclude>
    <ClInclude Include="SimpleJsonBuilder.h">
      <Filter>Header Files</Filter>
    </ClInclude>
    <ClInclude Include="HttpMobile.h">
      <Filter>Header Files</Filter>
    </ClInclude>
    <ClInclude Include="HttpRestServices.h">
      <Filter>Header Files</Filter>
    </ClInclude>
    <ClInclude Include="HttpFull.h">
      <Filter>Header Files</Filter>
    </ClInclude>
  </ItemGroup>
  <ItemGroup>
    <None Include="ftd2xx.dll">
      <Filter>Source Files</Filter>
    </None>
    <None Include="_TODO.txt">
      <Filter>Source Files</Filter>
    </None>
    <None Include="_FEATURES.txt">
      <Filter>Source Files</Filter>
    </None>
    <None Include="_COPYING.txt">
      <Filter>Source Files</Filter>
    </None>
    <None Include="mobile\mobile.htm">
      <Filter>Resource Files</Filter>
    </None>
    <None Include="full\full.js">
      <Filter>Resource Files</Filter>
    </None>
    <None Include="full\slider-panel.js">
      <Filter>Resource Files</Filter>
    </None>
    <None Include=".\full\tile-scroll-panel.js">
      <Filter>Resource Files</Filter>
    </None>
    <None Include="full\fixture.js">
      <Filter>Resource Files</Filter>
    </None>
    <None Include="full\chase.js">
      <Filter>Resource Files</Filter>
    </None>
    <None Include="full\scene.js">
      <Filter>Resource Files</Filter>
    </None>
    <None Include="full\jquery.multiselect.js">
      <Filter>Resource Files</Filter>
    </None>
    <None Include="full\animation.js">
      <Filter>Resource Files</Filter>
    </None>
    <None Include="colorpicker\js\colorpicker.js">
      <Filter>Resource Files</Filter>
    </None>
    <None Include="full\jquery.container.js">
      <Filter>Resource Files</Filter>
    </None>
    <None Include="full\jquery-container.htm">
      <Filter>Resource Files</Filter>
    </None>
    <None Include="full\beatviz.js">
      <Filter>Resource Files</Filter>
    </None>
    <None Include="full\freqviz.js">
      <Filter>Resource Files</Filter>
    </None>
    <None Include="full\music_player.js">
      <Filter>Resource Files</Filter>
    </None>
    <None Include="mobile\mobile.js">
      <Filter>Resource Files</Filter>
    </None>
  </ItemGroup>
  <ItemGroup>
    <Library Include="ftd2xx.lib">
      <Filter>Source Files</Filter>
    </Library>
  </ItemGroup>
  <ItemGroup>
    <Image Include="DMXStudio.ico">
      <Filter>Resource Files</Filter>
    </Image>
    <Image Include="full\favicon.ico">
      <Filter>Resource Files</Filter>
    </Image>
  </ItemGroup>
  <ItemGroup>
    <ResourceCompile Include="DMXStudio.rc">
      <Filter>Resource Files</Filter>
    </ResourceCompile>
  </ItemGroup>
  <ItemGroup>
    <Xml Include="FixtureDefinitions\ADJ\adj_uvled_bar_16.xml">
      <Filter>Fixture Definition Files</Filter>
    </Xml>
    <Xml Include="FixtureDefinitions\Blizzard\blizzard_min_spot.xml">
      <Filter>Fixture Definition Files</Filter>
    </Xml>
    <Xml Include="FixtureDefinitions\Blizzard\blizzard_min_wash.xml">
      <Filter>Fixture Definition Files</Filter>
    </Xml>
    <Xml Include="FixtureDefinitions\Blizzard\blizzard_puck.xml">
      <Filter>Fixture Definition Files</Filter>
    </Xml>
    <Xml Include="FixtureDefinitions\Blizzard\blizzard_rocker.xml">
      <Filter>Fixture Definition Files</Filter>
    </Xml>
    <Xml Include="FixtureDefinitions\Chauvet\chauvet_abyss.xml">
      <Filter>Fixture Definition Files</Filter>
    </Xml>
    <Xml Include="FixtureDefinitions\Chauvet\chauvet_led_dimmer_4.xml">
      <Filter>Fixture Definition Files</Filter>
    </Xml>
    <Xml Include="FixtureDefinitions\Chauvet\chauvet_pixpar_12.xml">
      <Filter>Fixture Definition Files</Filter>
    </Xml>
    <Xml Include="FixtureDefinitions\Chauvet\chauvet_swarm_4.xml">
      <Filter>Fixture Definition Files</Filter>
    </Xml>
    <Xml Include="FixtureDefinitions\Chauvet\chauvet_vue_1_1.xml">
      <Filter>Fixture Definition Files</Filter>
    </Xml>
    <Xml Include="FixtureDefinitions\Custom\led_array.xml">
      <Filter>Fixture Definition Files</Filter>
    </Xml>
    <Xml Include="FixtureDefinitions\ADJ\adj_quad_scan.xml">
      <Filter>Fixture Definition Files</Filter>
    </Xml>
  </ItemGroup>
  <ItemGroup>
    <Text Include=".\full\full.htm">
      <Filter>Resource Files</Filter>
    </Text>
  </ItemGroup>
</Project>